{
  "name": "truth-scraper",
  "version": "1.0.0",
  "lockfileVersion": 2,
  "dependencies": {
    "express": {
      "version": "4.17.1",
      "resolved": "https://registry.npmjs.org/express/-/express-4.17.1.tgz",
      "integrity": "sha512-nZ1AqFj5Xn3ATq4UqJxxwX9VjU8y8/kCm1zSZT9cbdo5ZZXs2f9kU4uX8TpV3KP5fG6RLlXZ1ssbctYPJYl7og==",
      "dev": true
    },
    "puppeteer-core": {
      "version": "10.1.0",
      "resolved": "https://registry.npmjs.org/puppeteer-core/-/puppeteer-core-10.1.0.tgz",
      "integrity": "sha512-N3zBd2+4S95+nVXFs+03jp6GeiAN7lg8Tq84znVHRDOgK2mrJNYF5s+5QnBBeQ8ZSpJDFhoO8gzZBNTbhVHJkQ==",
      "dev": true
    },
    "chrome-aws-lambda": {
      "version": "10.1.0",
      "resolved": "https://registry.npmjs.org/chrome-aws-lambda/-/chrome-aws-lambda-10.1.0.tgz",
      "integrity": "sha512-Qh0vGO9zZ6Xj0rz85g6bmOaHO8HLg4BZiww/qj3rkYmkyYNen5JUbGb6x0Xblj7Zoh3PVEq1fdQTQ9zxh0Nj+g==",
      "dev": true
    },
    "express-rate-limit": {
      "version": "5.3.0",
      "resolved": "https://registry.npmjs.org/express-rate-limit/-/express-rate-limit-5.3.0.tgz",
      "integrity": "sha512-22ihs6nA5nRg5zLdojw7lrRI9lIpp9BRf0r7vqQx7ffS1m0mXEAGNEzRqq7wn1e4C8kVDmz9pujmSzT4zZZKqw==",
      "dev": true
    },
    "cors": {
      "version": "2.8.5",
      "resolved": "https://registry.npmjs.org/cors/-/cors-2.8.5.tgz",
      "integrity": "sha512-s8ZPqRaQlM4gOQ78FqQ84ZjvW7Zdx+vXOtAz4zp4tm+yH4V5h4uOhRqaFzE5Hg9V9iR5PRo32Hg7we0H4RKlKg==",
      "dev": true
    }
  }
}
